
Microsoft Visual Studio Solution File, Format Version 12.00
# Visual Studio 2013
VisualStudioVersion = 12.0.21005.1
MinimumVisualStudioVersion = 10.0.40219.1
Project("{F184B08F-C81C-45F6-A57F-5ABD9991F28F}") = "3dpiramida", "3dpiramida\3dpiramida.vbproj", "{E842F8CE-E7C0-4644-B2B6-1975E5DBC34A}"
EndProject
Global
	GlobalSection(SolutionConfigurationPlatforms) = preSolution
		Debug|Any CPU = Debug|Any CPU
		Release|Any CPU = Release|Any CPU
	EndGlobalSection
	GlobalSection(ProjectConfigurationPlatforms) = postSolution
		{E842F8CE-E7C0-4644-B2B6-1975E5DBC34A}.Debug|Any CPU.ActiveCfg = Debug|Any CPU
		{E842F8CE-E7C0-4644-B2B6-1975E5DBC34A}.Debug|Any CPU.Build.0 = Debug|Any CPU
		{E842F8CE-E7C0-4644-B2B6-1975E5DBC34A}.Release|Any CPU.ActiveCfg = Release|Any CPU
		{E842F8CE-E7C0-4644-B2B6-1975E5DBC34A}.Release|Any CPU.Build.0 = Release|Any CPU
	EndGlobalSection
	GlobalSection(SolutionProperties) = preSolution
		HideSolutionNode = FALSE
	EndGlobalSection
EndGlobal
